
Microsoft Visual Studio Solution File, Format Version 12.00
# Visual Studio Version 16
VisualStudioVersion = 16.0.31424.327
MinimumVisualStudioVersion = 10.0.40219.1
Project("{FAE04EC0-301F-11D3-BF4B-00C04F79EFBC}") = "exercice2_POO", "exercice2_POO\exercice2_POO.csproj", "{498D2DB6-6F92-43A5-849A-8B206F67323C}"
EndProject
Global
	GlobalSection(SolutionConfigurationPlatforms) = preSolution
		Debug|Any CPU = Debug|Any CPU
		Release|Any CPU = Release|Any CPU
	EndGlobalSection
	GlobalSection(ProjectConfigurationPlatforms) = postSolution
		{498D2DB6-6F92-43A5-849A-8B206F67323C}.Debug|Any CPU.ActiveCfg = Debug|Any CPU
		{498D2DB6-6F92-43A5-849A-8B206F67323C}.Debug|Any CPU.Build.0 = Debug|Any CPU
		{498D2DB6-6F92-43A5-849A-8B206F67323C}.Release|Any CPU.ActiveCfg = Release|Any CPU
		{498D2DB6-6F92-43A5-849A-8B206F67323C}.Release|Any CPU.Build.0 = Release|Any CPU
	EndGlobalSection
	GlobalSection(SolutionProperties) = preSolution
		HideSolutionNode = FALSE
	EndGlobalSection
	GlobalSection(ExtensibilityGlobals) = postSolution
		SolutionGuid = {9A0B0678-1BBE-482E-BD71-253B9503F76E}
	EndGlobalSection
EndGlobal
